// !$*UTF8*$!
{
	archiveVersion = 1;
	classes = {
	};
	objectVersion = 55;
	objects = {

/* Begin PBXBuildFile section */
		000BCD97276AD90D008278B8 /* Alamofire in Frameworks */ = {isa = PBXBuildFile; productRef = 000BCD96276AD90D008278B8 /* Alamofire */; };
		000BCD99276AE2B8008278B8 /* APIManager.swift in Sources */ = {isa = PBXBuildFile; fileRef = 000BCD98276AE2B8008278B8 /* APIManager.swift */; };
		0019EBB927609A86000B6CFA /* RegisterView.swift in Sources */ = {isa = PBXBuildFile; fileRef = 0019EBB827609A86000B6CFA /* RegisterView.swift */; };
		0078CDE42760B54600D9DB67 /* BottomTabView.swift in Sources */ = {isa = PBXBuildFile; fileRef = 0078CDE32760B54600D9DB67 /* BottomTabView.swift */; };
		0078CDE72760BEA100D9DB67 /* HomeTabView.swift in Sources */ = {isa = PBXBuildFile; fileRef = 0078CDE62760BEA100D9DB67 /* HomeTabView.swift */; };
		0078CDE92760C00100D9DB67 /* SearchTab.swift in Sources */ = {isa = PBXBuildFile; fileRef = 0078CDE82760C00100D9DB67 /* SearchTab.swift */; };
		0078CDEB2760C01500D9DB67 /* StoryTab.swift in Sources */ = {isa = PBXBuildFile; fileRef = 0078CDEA2760C01500D9DB67 /* StoryTab.swift */; };
		0078CDED2760C02600D9DB67 /* LikeTab.swift in Sources */ = {isa = PBXBuildFile; fileRef = 0078CDEC2760C02600D9DB67 /* LikeTab.swift */; };
		0078CDEF2760C03E00D9DB67 /* ProfileTab.swift in Sources */ = {isa = PBXBuildFile; fileRef = 0078CDEE2760C03E00D9DB67 /* ProfileTab.swift */; };
		0079B8B32761A3B3005565E5 /* AuthCustomButton.swift in Sources */ = {isa = PBXBuildFile; fileRef = 0079B8B22761A3B3005565E5 /* AuthCustomButton.swift */; };
		007E35B12768749B00921DBB /* Strings.swift in Sources */ = {isa = PBXBuildFile; fileRef = 007E35B02768749B00921DBB /* Strings.swift */; };
		00893FC72760539400BA5653 /* AuthTextField.swift in Sources */ = {isa = PBXBuildFile; fileRef = 00893FC62760539400BA5653 /* AuthTextField.swift */; };
		008A4BEB2763310800CCB2E7 /* ColorAndSize.swift in Sources */ = {isa = PBXBuildFile; fileRef = 008A4BEA2763310800CCB2E7 /* ColorAndSize.swift */; };
		008A4BED2763342B00CCB2E7 /* Validate.swift in Sources */ = {isa = PBXBuildFile; fileRef = 008A4BEC2763342B00CCB2E7 /* Validate.swift */; };
		00936AF32766E99A00B40AE3 /* StoryModel.swift in Sources */ = {isa = PBXBuildFile; fileRef = 00936AF22766E99A00B40AE3 /* StoryModel.swift */; };
		00936AF82766F01500B40AE3 /* StoryView.swift in Sources */ = {isa = PBXBuildFile; fileRef = 00936AF72766F01500B40AE3 /* StoryView.swift */; };
		00936AFA2766F3AB00B40AE3 /* HeaderView.swift in Sources */ = {isa = PBXBuildFile; fileRef = 00936AF92766F3AB00B40AE3 /* HeaderView.swift */; };
		00936AFC2766F59200B40AE3 /* NewFeed.swift in Sources */ = {isa = PBXBuildFile; fileRef = 00936AFB2766F59200B40AE3 /* NewFeed.swift */; };
		00B3E9402768A15500A29AF2 /* TextNavigation.swift in Sources */ = {isa = PBXBuildFile; fileRef = 00B3E93F2768A15500A29AF2 /* TextNavigation.swift */; };
		189D62B6275E4B92005EC637 /* instagramiOSApp.swift in Sources */ = {isa = PBXBuildFile; fileRef = 189D62B5275E4B92005EC637 /* instagramiOSApp.swift */; };
		189D62B8275E4B92005EC637 /* LoginView.swift in Sources */ = {isa = PBXBuildFile; fileRef = 189D62B7275E4B92005EC637 /* LoginView.swift */; };
		189D62BA275E4B94005EC637 /* Assets.xcassets in Resources */ = {isa = PBXBuildFile; fileRef = 189D62B9275E4B94005EC637 /* Assets.xcassets */; };
		189D62BD275E4B94005EC637 /* Preview Assets.xcassets in Resources */ = {isa = PBXBuildFile; fileRef = 189D62BC275E4B94005EC637 /* Preview Assets.xcassets */; };
/* End PBXBuildFile section */

/* Begin PBXFileReference section */
		000BCD98276AE2B8008278B8 /* APIManager.swift */ = {isa = PBXFileReference; lastKnownFileType = sourcecode.swift; path = APIManager.swift; sourceTree = "<group>"; };
		0019EBB827609A86000B6CFA /* RegisterView.swift */ = {isa = PBXFileReference; lastKnownFileType = sourcecode.swift; path = RegisterView.swift; sourceTree = "<group>"; };
		006F511A2761FEC50095E649 /* Info.plist */ = {isa = PBXFileReference; lastKnownFileType = text.plist; path = Info.plist; sourceTree = "<group>"; };
		0078CDE32760B54600D9DB67 /* BottomTabView.swift */ = {isa = PBXFileReference; lastKnownFileType = sourcecode.swift; path = BottomTabView.swift; sourceTree = "<group>"; };
		0078CDE62760BEA100D9DB67 /* HomeTabView.swift */ = {isa = PBXFileReference; lastKnownFileType = sourcecode.swift; path = HomeTabView.swift; sourceTree = "<group>"; };
		0078CDE82760C00100D9DB67 /* SearchTab.swift */ = {isa = PBXFileReference; lastKnownFileType = sourcecode.swift; path = SearchTab.swift; sourceTree = "<group>"; };
		0078CDEA2760C01500D9DB67 /* StoryTab.swift */ = {isa = PBXFileReference; lastKnownFileType = sourcecode.swift; path = StoryTab.swift; sourceTree = "<group>"; };
		0078CDEC2760C02600D9DB67 /* LikeTab.swift */ = {isa = PBXFileReference; lastKnownFileType = sourcecode.swift; path = LikeTab.swift; sourceTree = "<group>"; };
		0078CDEE2760C03E00D9DB67 /* ProfileTab.swift */ = {isa = PBXFileReference; lastKnownFileType = sourcecode.swift; path = ProfileTab.swift; sourceTree = "<group>"; };
		0079B8B22761A3B3005565E5 /* AuthCustomButton.swift */ = {isa = PBXFileReference; lastKnownFileType = sourcecode.swift; path = AuthCustomButton.swift; sourceTree = "<group>"; };
		007E35B02768749B00921DBB /* Strings.swift */ = {isa = PBXFileReference; lastKnownFileType = sourcecode.swift; path = Strings.swift; sourceTree = "<group>"; };
		00893FC62760539400BA5653 /* AuthTextField.swift */ = {isa = PBXFileReference; lastKnownFileType = sourcecode.swift; path = AuthTextField.swift; sourceTree = "<group>"; };
		008A4BEA2763310800CCB2E7 /* ColorAndSize.swift */ = {isa = PBXFileReference; lastKnownFileType = sourcecode.swift; path = ColorAndSize.swift; sourceTree = "<group>"; };
		008A4BEC2763342B00CCB2E7 /* Validate.swift */ = {isa = PBXFileReference; lastKnownFileType = sourcecode.swift; path = Validate.swift; sourceTree = "<group>"; };
		00936AF22766E99A00B40AE3 /* StoryModel.swift */ = {isa = PBXFileReference; lastKnownFileType = sourcecode.swift; path = StoryModel.swift; sourceTree = "<group>"; };
		00936AF72766F01500B40AE3 /* StoryView.swift */ = {isa = PBXFileReference; lastKnownFileType = sourcecode.swift; path = StoryView.swift; sourceTree = "<group>"; };
		00936AF92766F3AB00B40AE3 /* HeaderView.swift */ = {isa = PBXFileReference; lastKnownFileType = sourcecode.swift; path = HeaderView.swift; sourceTree = "<group>"; };
		00936AFB2766F59200B40AE3 /* NewFeed.swift */ = {isa = PBXFileReference; lastKnownFileType = sourcecode.swift; path = NewFeed.swift; sourceTree = "<group>"; };
		00B3E93F2768A15500A29AF2 /* TextNavigation.swift */ = {isa = PBXFileReference; lastKnownFileType = sourcecode.swift; path = TextNavigation.swift; sourceTree = "<group>"; };
		189D62B2275E4B92005EC637 /* instagramiOS.app */ = {isa = PBXFileReference; explicitFileType = wrapper.application; includeInIndex = 0; path = instagramiOS.app; sourceTree = BUILT_PRODUCTS_DIR; };
		189D62B5275E4B92005EC637 /* instagramiOSApp.swift */ = {isa = PBXFileReference; lastKnownFileType = sourcecode.swift; path = instagramiOSApp.swift; sourceTree = "<group>"; };
		189D62B7275E4B92005EC637 /* LoginView.swift */ = {isa = PBXFileReference; lastKnownFileType = sourcecode.swift; path = LoginView.swift; sourceTree = "<group>"; };
		189D62B9275E4B94005EC637 /* Assets.xcassets */ = {isa = PBXFileReference; lastKnownFileType = folder.assetcatalog; path = Assets.xcassets; sourceTree = "<group>"; };
		189D62BC275E4B94005EC637 /* Preview Assets.xcassets */ = {isa = PBXFileReference; lastKnownFileType = folder.assetcatalog; path = "Preview Assets.xcassets"; sourceTree = "<group>"; };
/* End PBXFileReference section */

/* Begin PBXFrameworksBuildPhase section */
		189D62AF275E4B91005EC637 /* Frameworks */ = {
			isa = PBXFrameworksBuildPhase;
			buildActionMask = 2147483647;
			files = (
				000BCD97276AD90D008278B8 /* Alamofire in Frameworks */,
			);
			runOnlyForDeploymentPostprocessing = 0;
		};
/* End PBXFrameworksBuildPhase section */

/* Begin PBXGroup section */
		000BCD91276AD74A008278B8 /* Service */ = {
			isa = PBXGroup;
			children = (
				000BCD98276AE2B8008278B8 /* APIManager.swift */,
			);
			path = Service;
			sourceTree = "<group>";
		};
		00893FC52760534400BA5653 /* Common */ = {
			isa = PBXGroup;
			children = (
				00893FC62760539400BA5653 /* AuthTextField.swift */,
				0079B8B22761A3B3005565E5 /* AuthCustomButton.swift */,
				00B3E93F2768A15500A29AF2 /* TextNavigation.swift */,
			);
			path = Common;
			sourceTree = "<group>";
		};
		008A4BE9276330BE00CCB2E7 /* Ultils */ = {
			isa = PBXGroup;
			children = (
				008A4BEA2763310800CCB2E7 /* ColorAndSize.swift */,
				008A4BEC2763342B00CCB2E7 /* Validate.swift */,
				007E35B02768749B00921DBB /* Strings.swift */,
			);
			path = Ultils;
			sourceTree = "<group>";
		};
		00936AF42766EF8F00B40AE3 /* HomeTab */ = {
			isa = PBXGroup;
			children = (
				00936AF62766EFFC00B40AE3 /* Component */,
				00936AF52766EFEA00B40AE3 /* View */,
			);
			path = HomeTab;
			sourceTree = "<group>";
		};
		00936AF52766EFEA00B40AE3 /* View */ = {
			isa = PBXGroup;
			children = (
				0078CDE62760BEA100D9DB67 /* HomeTabView.swift */,
			);
			path = View;
			sourceTree = "<group>";
		};
		00936AF62766EFFC00B40AE3 /* Component */ = {
			isa = PBXGroup;
			children = (
				00936AF22766E99A00B40AE3 /* StoryModel.swift */,
				00936AF72766F01500B40AE3 /* StoryView.swift */,
				00936AF92766F3AB00B40AE3 /* HeaderView.swift */,
				00936AFB2766F59200B40AE3 /* NewFeed.swift */,
			);
			path = Component;
			sourceTree = "<group>";
		};
		00936AFF2767332A00B40AE3 /* View */ = {
			isa = PBXGroup;
			children = (
				00ED8CB6276B180A009A6D91 /* Register */,
				00B3E93B2768A0A400A29AF2 /* Login */,
				00936B032767344800B40AE3 /* ProfileTab */,
				00936B022767343400B40AE3 /* FilmTab */,
				00936B012767342800B40AE3 /* LikeTab */,
				00936B002767341B00B40AE3 /* SearchTab */,
				00936AF42766EF8F00B40AE3 /* HomeTab */,
			);
			path = View;
			sourceTree = "<group>";
		};
		00936B002767341B00B40AE3 /* SearchTab */ = {
			isa = PBXGroup;
			children = (
				0078CDE82760C00100D9DB67 /* SearchTab.swift */,
			);
			path = SearchTab;
			sourceTree = "<group>";
		};
		00936B012767342800B40AE3 /* LikeTab */ = {
			isa = PBXGroup;
			children = (
				0078CDEC2760C02600D9DB67 /* LikeTab.swift */,
			);
			path = LikeTab;
			sourceTree = "<group>";
		};
		00936B022767343400B40AE3 /* FilmTab */ = {
			isa = PBXGroup;
			children = (
				0078CDEA2760C01500D9DB67 /* StoryTab.swift */,
			);
			path = FilmTab;
			sourceTree = "<group>";
		};
		00936B032767344800B40AE3 /* ProfileTab */ = {
			isa = PBXGroup;
			children = (
				0078CDEE2760C03E00D9DB67 /* ProfileTab.swift */,
			);
			path = ProfileTab;
			sourceTree = "<group>";
		};
		00B3E93B2768A0A400A29AF2 /* Login */ = {
			isa = PBXGroup;
			children = (
				00B3E93C2768A0BA00A29AF2 /* View */,
			);
			path = Login;
			sourceTree = "<group>";
		};
		00B3E93C2768A0BA00A29AF2 /* View */ = {
			isa = PBXGroup;
			children = (
				189D62B7275E4B92005EC637 /* LoginView.swift */,
			);
			path = View;
			sourceTree = "<group>";
		};
		00ED8CB6276B180A009A6D91 /* Register */ = {
			isa = PBXGroup;
			children = (
				0019EBB827609A86000B6CFA /* RegisterView.swift */,
			);
			path = Register;
			sourceTree = "<group>";
		};
		1866ABFD276FF9E800C52638 /* Navigation */ = {
			isa = PBXGroup;
			children = (
				0078CDE32760B54600D9DB67 /* BottomTabView.swift */,
			);
			path = Navigation;
			sourceTree = "<group>";
		};
		189D62A9275E4B91005EC637 = {
			isa = PBXGroup;
			children = (
				189D62B4275E4B92005EC637 /* instagramiOS */,
				189D62B3275E4B92005EC637 /* Products */,
			);
			sourceTree = "<group>";
		};
		189D62B3275E4B92005EC637 /* Products */ = {
			isa = PBXGroup;
			children = (
				189D62B2275E4B92005EC637 /* instagramiOS.app */,
			);
			name = Products;
			sourceTree = "<group>";
		};
		189D62B4275E4B92005EC637 /* instagramiOS */ = {
			isa = PBXGroup;
			children = (
				189D62B5275E4B92005EC637 /* instagramiOSApp.swift */,
				1866ABFD276FF9E800C52638 /* Navigation */,
				000BCD91276AD74A008278B8 /* Service */,
				00936AFF2767332A00B40AE3 /* View */,
				00893FC52760534400BA5653 /* Common */,
				008A4BE9276330BE00CCB2E7 /* Ultils */,
				189D62B9275E4B94005EC637 /* Assets.xcassets */,
				006F511A2761FEC50095E649 /* Info.plist */,
				189D62BB275E4B94005EC637 /* Preview Content */,
			);
			path = instagramiOS;
			sourceTree = "<group>";
		};
		189D62BB275E4B94005EC637 /* Preview Content */ = {
			isa = PBXGroup;
			children = (
				189D62BC275E4B94005EC637 /* Preview Assets.xcassets */,
			);
			path = "Preview Content";
			sourceTree = "<group>";
		};
/* End PBXGroup section */

/* Begin PBXNativeTarget section */
		189D62B1275E4B91005EC637 /* instagramiOS */ = {
			isa = PBXNativeTarget;
			buildConfigurationList = 189D62D6275E4B95005EC637 /* Build configuration list for PBXNativeTarget "instagramiOS" */;
			buildPhases = (
				189D62AE275E4B91005EC637 /* Sources */,
				189D62AF275E4B91005EC637 /* Frameworks */,
				189D62B0275E4B91005EC637 /* Resources */,
			);
			buildRules = (
			);
			dependencies = (
			);
			name = instagramiOS;
			packageProductDependencies = (
				000BCD96276AD90D008278B8 /* Alamofire */,
			);
			productName = instagramiOS;
			productReference = 189D62B2275E4B92005EC637 /* instagramiOS.app */;
			productType = "com.apple.product-type.application";
		};
/* End PBXNativeTarget section */

/* Begin PBXProject section */
		189D62AA275E4B91005EC637 /* Project object */ = {
			isa = PBXProject;
			attributes = {
				BuildIndependentTargetsInParallel = 1;
				LastSwiftUpdateCheck = 1300;
				LastUpgradeCheck = 1300;
				TargetAttributes = {
					189D62B1275E4B91005EC637 = {
						CreatedOnToolsVersion = 13.0;
					};
				};
			};
			buildConfigurationList = 189D62AD275E4B91005EC637 /* Build configuration list for PBXProject "instagramiOS" */;
			compatibilityVersion = "Xcode 13.0";
			developmentRegion = en;
			hasScannedForEncodings = 0;
			knownRegions = (
				en,
				Base,
			);
			mainGroup = 189D62A9275E4B91005EC637;
			packageReferences = (
				000BCD95276AD90D008278B8 /* XCRemoteSwiftPackageReference "Alamofire" */,
			);
			productRefGroup = 189D62B3275E4B92005EC637 /* Products */;
			projectDirPath = "";
			projectRoot = "";
			targets = (
				189D62B1275E4B91005EC637 /* instagramiOS */,
			);
		};
/* End PBXProject section */

/* Begin PBXResourcesBuildPhase section */
		189D62B0275E4B91005EC637 /* Resources */ = {
			isa = PBXResourcesBuildPhase;
			buildActionMask = 2147483647;
			files = (
				189D62BD275E4B94005EC637 /* Preview Assets.xcassets in Resources */,
				189D62BA275E4B94005EC637 /* Assets.xcassets in Resources */,
			);
			runOnlyForDeploymentPostprocessing = 0;
		};
/* End PBXResourcesBuildPhase section */

/* Begin PBXSourcesBuildPhase section */
		189D62AE275E4B91005EC637 /* Sources */ = {
			isa = PBXSourcesBuildPhase;
			buildActionMask = 2147483647;
			files = (
				0078CDE72760BEA100D9DB67 /* HomeTabView.swift in Sources */,
				0078CDEB2760C01500D9DB67 /* StoryTab.swift in Sources */,
				189D62B8275E4B92005EC637 /* LoginView.swift in Sources */,
				008A4BEB2763310800CCB2E7 /* ColorAndSize.swift in Sources */,
				007E35B12768749B00921DBB /* Strings.swift in Sources */,
				0019EBB927609A86000B6CFA /* RegisterView.swift in Sources */,
				00936AFA2766F3AB00B40AE3 /* HeaderView.swift in Sources */,
				00936AF82766F01500B40AE3 /* StoryView.swift in Sources */,
				0078CDED2760C02600D9DB67 /* LikeTab.swift in Sources */,
				0078CDEF2760C03E00D9DB67 /* ProfileTab.swift in Sources */,
				0078CDE42760B54600D9DB67 /* BottomTabView.swift in Sources */,
				00B3E9402768A15500A29AF2 /* TextNavigation.swift in Sources */,
				000BCD99276AE2B8008278B8 /* APIManager.swift in Sources */,
				008A4BED2763342B00CCB2E7 /* Validate.swift in Sources */,
				0079B8B32761A3B3005565E5 /* AuthCustomButton.swift in Sources */,
				00893FC72760539400BA5653 /* AuthTextField.swift in Sources */,
				189D62B6275E4B92005EC637 /* instagramiOSApp.swift in Sources */,
				0078CDE92760C00100D9DB67 /* SearchTab.swift in Sources */,
				00936AFC2766F59200B40AE3 /* NewFeed.swift in Sources */,
				00936AF32766E99A00B40AE3 /* StoryModel.swift in Sources */,
			);
			runOnlyForDeploymentPostprocessing = 0;
		};
/* End PBXSourcesBuildPhase section */

/* Begin XCBuildConfiguration section */
		189D62D4275E4B95005EC637 /* Debug */ = {
			isa = XCBuildConfiguration;
			buildSettings = {
				ALWAYS_SEARCH_USER_PATHS = NO;
				CLANG_ANALYZER_NONNULL = YES;
				CLANG_ANALYZER_NUMBER_OBJECT_CONVERSION = YES_AGGRESSIVE;
				CLANG_CXX_LANGUAGE_STANDARD = "gnu++17";
				CLANG_CXX_LIBRARY = "libc++";
				CLANG_ENABLE_MODULES = YES;
				CLANG_ENABLE_OBJC_ARC = YES;
				CLANG_ENABLE_OBJC_WEAK = YES;
				CLANG_WARN_BLOCK_CAPTURE_AUTORELEASING = YES;
				CLANG_WARN_BOOL_CONVERSION = YES;
				CLANG_WARN_COMMA = YES;
				CLANG_WARN_CONSTANT_CONVERSION = YES;
				CLANG_WARN_DEPRECATED_OBJC_IMPLEMENTATIONS = YES;
				CLANG_WARN_DIRECT_OBJC_ISA_USAGE = YES_ERROR;
				CLANG_WARN_DOCUMENTATION_COMMENTS = YES;
				CLANG_WARN_EMPTY_BODY = YES;
				CLANG_WARN_ENUM_CONVERSION = YES;
				CLANG_WARN_INFINITE_RECURSION = YES;
				CLANG_WARN_INT_CONVERSION = YES;
				CLANG_WARN_NON_LITERAL_NULL_CONVERSION = YES;
				CLANG_WARN_OBJC_IMPLICIT_RETAIN_SELF = YES;
				CLANG_WARN_OBJC_LITERAL_CONVERSION = YES;
				CLANG_WARN_OBJC_ROOT_CLASS = YES_ERROR;
				CLANG_WARN_QUOTED_INCLUDE_IN_FRAMEWORK_HEADER = YES;
				CLANG_WARN_RANGE_LOOP_ANALYSIS = YES;
				CLANG_WARN_STRICT_PROTOTYPES = YES;
				CLANG_WARN_SUSPICIOUS_MOVE = YES;
				CLANG_WARN_UNGUARDED_AVAILABILITY = YES_AGGRESSIVE;
				CLANG_WARN_UNREACHABLE_CODE = YES;
				CLANG_WARN__DUPLICATE_METHOD_MATCH = YES;
				COPY_PHASE_STRIP = NO;
				DEBUG_INFORMATION_FORMAT = dwarf;
				ENABLE_STRICT_OBJC_MSGSEND = YES;
				ENABLE_TESTABILITY = YES;
				GCC_C_LANGUAGE_STANDARD = gnu11;
				GCC_DYNAMIC_NO_PIC = NO;
				GCC_NO_COMMON_BLOCKS = YES;
				GCC_OPTIMIZATION_LEVEL = 0;
				GCC_PREPROCESSOR_DEFINITIONS = (
					"DEBUG=1",
					"$(inherited)",
				);
				GCC_WARN_64_TO_32_BIT_CONVERSION = YES;
				GCC_WARN_ABOUT_RETURN_TYPE = YES_ERROR;
				GCC_WARN_UNDECLARED_SELECTOR = YES;
				GCC_WARN_UNINITIALIZED_AUTOS = YES_AGGRESSIVE;
				GCC_WARN_UNUSED_FUNCTION = YES;
				GCC_WARN_UNUSED_VARIABLE = YES;
				IPHONEOS_DEPLOYMENT_TARGET = 15.0;
				MTL_ENABLE_DEBUG_INFO = INCLUDE_SOURCE;
				MTL_FAST_MATH = YES;
				ONLY_ACTIVE_ARCH = YES;
				SDKROOT = iphoneos;
				SWIFT_ACTIVE_COMPILATION_CONDITIONS = DEBUG;
				SWIFT_OPTIMIZATION_LEVEL = "-Onone";
			};
			name = Debug;
		};
		189D62D5275E4B95005EC637 /* Release */ = {
			isa = XCBuildConfiguration;
			buildSettings = {
				ALWAYS_SEARCH_USER_PATHS = NO;
				CLANG_ANALYZER_NONNULL = YES;
				CLANG_ANALYZER_NUMBER_OBJECT_CONVERSION = YES_AGGRESSIVE;
				CLANG_CXX_LANGUAGE_STANDARD = "gnu++17";
				CLANG_CXX_LIBRARY = "libc++";
				CLANG_ENABLE_MODULES = YES;
				CLANG_ENABLE_OBJC_ARC = YES;
				CLANG_ENABLE_OBJC_WEAK = YES;
				CLANG_WARN_BLOCK_CAPTURE_AUTORELEASING = YES;
				CLANG_WARN_BOOL_CONVERSION = YES;
				CLANG_WARN_COMMA = YES;
				CLANG_WARN_CONSTANT_CONVERSION = YES;
				CLANG_WARN_DEPRECATED_OBJC_IMPLEMENTATIONS = YES;
				CLANG_WARN_DIRECT_OBJC_ISA_USAGE = YES_ERROR;
				CLANG_WARN_DOCUMENTATION_COMMENTS = YES;
				CLANG_WARN_EMPTY_BODY = YES;
				CLANG_WARN_ENUM_CONVERSION = YES;
				CLANG_WARN_INFINITE_RECURSION = YES;
				CLANG_WARN_INT_CONVERSION = YES;
				CLANG_WARN_NON_LITERAL_NULL_CONVERSION = YES;
				CLANG_WARN_OBJC_IMPLICIT_RETAIN_SELF = YES;
				CLANG_WARN_OBJC_LITERAL_CONVERSION = YES;
				CLANG_WARN_OBJC_ROOT_CLASS = YES_ERROR;
				CLANG_WARN_QUOTED_INCLUDE_IN_FRAMEWORK_HEADER = YES;
				CLANG_WARN_RANGE_LOOP_ANALYSIS = YES;
				CLANG_WARN_STRICT_PROTOTYPES = YES;
				CLANG_WARN_SUSPICIOUS_MOVE = YES;
				CLANG_WARN_UNGUARDED_AVAILABILITY = YES_AGGRESSIVE;
				CLANG_WARN_UNREACHABLE_CODE = YES;
				CLANG_WARN__DUPLICATE_METHOD_MATCH = YES;
				COPY_PHASE_STRIP = NO;
				DEBUG_INFORMATION_FORMAT = "dwarf-with-dsym";
				ENABLE_NS_ASSERTIONS = NO;
				ENABLE_STRICT_OBJC_MSGSEND = YES;
				GCC_C_LANGUAGE_STANDARD = gnu11;
				GCC_NO_COMMON_BLOCKS = YES;
				GCC_WARN_64_TO_32_BIT_CONVERSION = YES;
				GCC_WARN_ABOUT_RETURN_TYPE = YES_ERROR;
				GCC_WARN_UNDECLARED_SELECTOR = YES;
				GCC_WARN_UNINITIALIZED_AUTOS = YES_AGGRESSIVE;
				GCC_WARN_UNUSED_FUNCTION = YES;
				GCC_WARN_UNUSED_VARIABLE = YES;
				IPHONEOS_DEPLOYMENT_TARGET = 15.0;
				MTL_ENABLE_DEBUG_INFO = NO;
				MTL_FAST_MATH = YES;
				SDKROOT = iphoneos;
				SWIFT_COMPILATION_MODE = wholemodule;
				SWIFT_OPTIMIZATION_LEVEL = "-O";
				VALIDATE_PRODUCT = YES;
			};
			name = Release;
		};
		189D62D7275E4B95005EC637 /* Debug */ = {
			isa = XCBuildConfiguration;
			buildSettings = {
				ASSETCATALOG_COMPILER_APPICON_NAME = AppIcon;
				ASSETCATALOG_COMPILER_GLOBAL_ACCENT_COLOR_NAME = AccentColor;
				ASSETCATALOG_COMPILER_INCLUDE_ALL_APPICON_ASSETS = YES;
				CODE_SIGN_STYLE = Automatic;
				CURRENT_PROJECT_VERSION = 1;
				DEVELOPMENT_ASSET_PATHS = "\"instagramiOS/Preview Content\"";
				DEVELOPMENT_TEAM = 25ZQ45D68M;
				ENABLE_PREVIEWS = YES;
				GENERATE_INFOPLIST_FILE = YES;
				INFOPLIST_FILE = instagramiOS/Info.plist;
				INFOPLIST_KEY_CFBundleDisplayName = Instagram;
				INFOPLIST_KEY_UIApplicationSupportsIndirectInputEvents = YES;
				INFOPLIST_KEY_UILaunchScreen_Generation = YES;
				INFOPLIST_KEY_UISupportedInterfaceOrientations = UIInterfaceOrientationPortrait;
				INFOPLIST_KEY_UISupportedInterfaceOrientations_iPad = "UIInterfaceOrientationPortrait UIInterfaceOrientationPortraitUpsideDown UIInterfaceOrientationLandscapeLeft UIInterfaceOrientationLandscapeRight";
				INFOPLIST_KEY_UISupportedInterfaceOrientations_iPhone = "UIInterfaceOrientationPortrait \"\" \"\"";
				IPHONEOS_DEPLOYMENT_TARGET = 14.0;
				LD_RUNPATH_SEARCH_PATHS = (
					"$(inherited)",
					"@executable_path/Frameworks",
				);
				MARKETING_VERSION = 1.0;
				PRODUCT_BUNDLE_IDENTIFIER = vn.runsystem.instagramiOS.huynd1;
				PRODUCT_NAME = "$(TARGET_NAME)";
				SWIFT_EMIT_LOC_STRINGS = YES;
				SWIFT_VERSION = 5.0;
				TARGETED_DEVICE_FAMILY = 1;
			};
			name = Debug;
		};
		189D62D8275E4B95005EC637 /* Release */ = {
			isa = XCBuildConfiguration;
			buildSettings = {
				ASSETCATALOG_COMPILER_APPICON_NAME = AppIcon;
				ASSETCATALOG_COMPILER_GLOBAL_ACCENT_COLOR_NAME = AccentColor;
				ASSETCATALOG_COMPILER_INCLUDE_ALL_APPICON_ASSETS = YES;
				CODE_SIGN_STYLE = Automatic;
				CURRENT_PROJECT_VERSION = 1;
				DEVELOPMENT_ASSET_PATHS = "\"instagramiOS/Preview Content\"";
				DEVELOPMENT_TEAM = 25ZQ45D68M;
				ENABLE_PREVIEWS = YES;
				GENERATE_INFOPLIST_FILE = YES;
				INFOPLIST_FILE = instagramiOS/Info.plist;
				INFOPLIST_KEY_CFBundleDisplayName = Instagram;
				INFOPLIST_KEY_UIApplicationSupportsIndirectInputEvents = YES;
				INFOPLIST_KEY_UILaunchScreen_Generation = YES;
				INFOPLIST_KEY_UISupportedInterfaceOrientations = UIInterfaceOrientationPortrait;
				INFOPLIST_KEY_UISupportedInterfaceOrientations_iPad = "UIInterfaceOrientationPortrait UIInterfaceOrientationPortraitUpsideDown UIInterfaceOrientationLandscapeLeft UIInterfaceOrientationLandscapeRight";
				INFOPLIST_KEY_UISupportedInterfaceOrientations_iPhone = "UIInterfaceOrientationPortrait \"\" \"\"";
				IPHONEOS_DEPLOYMENT_TARGET = 14.0;
				LD_RUNPATH_SEARCH_PATHS = (
					"$(inherited)",
					"@executable_path/Frameworks",
				);
				MARKETING_VERSION = 1.0;
				PRODUCT_BUNDLE_IDENTIFIER = vn.runsystem.instagramiOS.huynd1;
				PRODUCT_NAME = "$(TARGET_NAME)";
				SWIFT_EMIT_LOC_STRINGS = YES;
				SWIFT_VERSION = 5.0;
				TARGETED_DEVICE_FAMILY = 1;
			};
			name = Release;
		};
/* End XCBuildConfiguration section */

/* Begin XCConfigurationList section */
		189D62AD275E4B91005EC637 /* Build configuration list for PBXProject "instagramiOS" */ = {
			isa = XCConfigurationList;
			buildConfigurations = (
				189D62D4275E4B95005EC637 /* Debug */,
				189D62D5275E4B95005EC637 /* Release */,
			);
			defaultConfigurationIsVisible = 0;
			defaultConfigurationName = Release;
		};
		189D62D6275E4B95005EC637 /* Build configuration list for PBXNativeTarget "instagramiOS" */ = {
			isa = XCConfigurationList;
			buildConfigurations = (
				189D62D7275E4B95005EC637 /* Debug */,
				189D62D8275E4B95005EC637 /* Release */,
			);
			defaultConfigurationIsVisible = 0;
			defaultConfigurationName = Release;
		};
/* End XCConfigurationList section */

/* Begin XCRemoteSwiftPackageReference section */
		000BCD95276AD90D008278B8 /* XCRemoteSwiftPackageReference "Alamofire" */ = {
			isa = XCRemoteSwiftPackageReference;
			repositoryURL = "https://github.com/Alamofire/Alamofire.git";
			requirement = {
				kind = upToNextMinorVersion;
				minimumVersion = 5.5.0;
			};
		};
/* End XCRemoteSwiftPackageReference section */

/* Begin XCSwiftPackageProductDependency section */
		000BCD96276AD90D008278B8 /* Alamofire */ = {
			isa = XCSwiftPackageProductDependency;
			package = 000BCD95276AD90D008278B8 /* XCRemoteSwiftPackageReference "Alamofire" */;
			productName = Alamofire;
		};
/* End XCSwiftPackageProductDependency section */
	};
	rootObject = 189D62AA275E4B91005EC637 /* Project object */;
}
